
Microsoft Visual Studio Solution File, Format Version 12.00
# Visual Studio Version 17
VisualStudioVersion = 17.8.34330.188
MinimumVisualStudioVersion = 10.0.40219.1
Project("{13B669BE-BB05-4DDF-9536-439F39A36129}") = "MPA-Jukebox-Laravel", "MPA-Jukebox-Laravel.phpproj", "{00AE5F3B-9DAA-4037-881E-495635C9447C}"
EndProject
Global
	GlobalSection(SolutionConfigurationPlatforms) = preSolution
		Debug|Any CPU = Debug|Any CPU
		Release|Any CPU = Release|Any CPU
	EndGlobalSection
	GlobalSection(ProjectConfigurationPlatforms) = postSolution
		{00AE5F3B-9DAA-4037-881E-495635C9447C}.Debug|Any CPU.ActiveCfg = Debug|Any CPU
		{00AE5F3B-9DAA-4037-881E-495635C9447C}.Debug|Any CPU.Build.0 = Debug|Any CPU
		{00AE5F3B-9DAA-4037-881E-495635C9447C}.Release|Any CPU.ActiveCfg = Release|Any CPU
		{00AE5F3B-9DAA-4037-881E-495635C9447C}.Release|Any CPU.Build.0 = Release|Any CPU
	EndGlobalSection
	GlobalSection(SolutionProperties) = preSolution
		HideSolutionNode = FALSE
	EndGlobalSection
	GlobalSection(ExtensibilityGlobals) = postSolution
		SolutionGuid = {A3C00E1B-1AE2-488E-8A6E-B13F48A02EFA}
	EndGlobalSection
EndGlobal
